
Microsoft Visual Studio Solution File, Format Version 12.00
# Visual Studio 15
VisualStudioVersion = 15.0.28307.438
MinimumVisualStudioVersion = 10.0.40219.1
Project("{FAE04EC0-301F-11D3-BF4B-00C04F79EFBC}") = "DFGenerator", "DFGenerator\DFGenerator.csproj", "{B836CA08-FA9D-45EC-9A82-1619ED18B163}"
EndProject
Project("{2150E333-8FDC-42A3-9474-1A3956D46DE8}") = "Solution Items", "Solution Items", "{101E1148-E52F-4D9C-A76F-FB7578D9192C}"
	ProjectSection(SolutionItems) = preProject
		DummyFiles\DummyFiles.zip = DummyFiles\DummyFiles.zip
	EndProjectSection
EndProject
Project("{54435603-DBB4-11D2-8724-00A0C9A8B90C}") = "Setup", "Setup\Setup.vdproj", "{EB3C2363-6535-4310-A84D-5B74E5A064AE}"
EndProject
Project("{2150E333-8FDC-42A3-9474-1A3956D46DE8}") = "Documentation", "Documentation", "{E691CC63-5A71-496E-B0A4-8AE91B036ECD}"
	ProjectSection(SolutionItems) = preProject
		Documentation\DFG.htm = Documentation\DFG.htm
		Documentation\DFG.md = Documentation\DFG.md
	EndProjectSection
EndProject
Project("{2150E333-8FDC-42A3-9474-1A3956D46DE8}") = "DFG_files", "DFG_files", "{BA13AD0A-0CA0-4B2B-A211-AB4CC4E3BD0B}"
	ProjectSection(SolutionItems) = preProject
		Documentation\DFG_files\image001.jpg = Documentation\DFG_files\image001.jpg
		Documentation\DFG_files\image002.png = Documentation\DFG_files\image002.png
		Documentation\DFG_files\image003.PNG = Documentation\DFG_files\image003.PNG
		Documentation\DFG_files\image004.PNG = Documentation\DFG_files\image004.PNG
		Documentation\DFG_files\image005.PNG = Documentation\DFG_files\image005.PNG
		Documentation\DFG_files\image006.PNG = Documentation\DFG_files\image006.PNG
	EndProjectSection
EndProject
Project("{2150E333-8FDC-42A3-9474-1A3956D46DE8}") = "Release", "Release", "{702661C0-8A8A-449E-B754-9C0D39ED2666}"
	ProjectSection(SolutionItems) = preProject
		Release\20190402 - Release.zip = Release\20190402 - Release.zip
		Release\ReadMe.txt = Release\ReadMe.txt
	EndProjectSection
EndProject
Global
	GlobalSection(SolutionConfigurationPlatforms) = preSolution
		Debug|Any CPU = Debug|Any CPU
		DFGenerator|Any CPU = DFGenerator|Any CPU
		Release|Any CPU = Release|Any CPU
		Description = Dummy File Generator (DFG) is a program that allows you to replicate a directory structure containing sensitive files but replacing the sensitive files with dummy files of your choice.
	EndGlobalSection
	GlobalSection(ProjectConfigurationPlatforms) = postSolution
		{B836CA08-FA9D-45EC-9A82-1619ED18B163}.Debug|Any CPU.ActiveCfg = Release|Any CPU
		{B836CA08-FA9D-45EC-9A82-1619ED18B163}.Debug|Any CPU.Build.0 = Release|Any CPU
		{B836CA08-FA9D-45EC-9A82-1619ED18B163}.DFGenerator|Any CPU.ActiveCfg = Debug|Any CPU
		{B836CA08-FA9D-45EC-9A82-1619ED18B163}.DFGenerator|Any CPU.Build.0 = Debug|Any CPU
		{B836CA08-FA9D-45EC-9A82-1619ED18B163}.Release|Any CPU.ActiveCfg = Release|Any CPU
		{B836CA08-FA9D-45EC-9A82-1619ED18B163}.Release|Any CPU.Build.0 = Release|Any CPU
		{EB3C2363-6535-4310-A84D-5B74E5A064AE}.Debug|Any CPU.ActiveCfg = Release
		{EB3C2363-6535-4310-A84D-5B74E5A064AE}.DFGenerator|Any CPU.ActiveCfg = Debug
		{EB3C2363-6535-4310-A84D-5B74E5A064AE}.Release|Any CPU.ActiveCfg = Release
		{EB3C2363-6535-4310-A84D-5B74E5A064AE}.Release|Any CPU.Build.0 = Release
	EndGlobalSection
	GlobalSection(SolutionProperties) = preSolution
		HideSolutionNode = FALSE
	EndGlobalSection
	GlobalSection(NestedProjects) = preSolution
		{BA13AD0A-0CA0-4B2B-A211-AB4CC4E3BD0B} = {E691CC63-5A71-496E-B0A4-8AE91B036ECD}
	EndGlobalSection
	GlobalSection(ExtensibilityGlobals) = postSolution
		SolutionGuid = {06C48185-0125-4BC3-9CA0-1FD7BF433CCB}
	EndGlobalSection
EndGlobal
